
Microsoft Visual Studio Solution File, Format Version 11.00
# Visual Studio 2010
Project("{FAE04EC0-301F-11D3-BF4B-00C04F79EFBC}") = "Assembly-CSharp", "Assembly-CSharp.csproj", "{5E200B89-2E41-9426-03E3-61C14BBC2219}"
EndProject
Project("{FAE04EC0-301F-11D3-BF4B-00C04F79EFBC}") = "Assembly-CSharp-firstpass", "Assembly-CSharp-firstpass.csproj", "{3A530015-1655-CB1F-2D87-7DE1B70C0A55}"
EndProject
Project("{FAE04EC0-301F-11D3-BF4B-00C04F79EFBC}") = "Assembly-CSharp-Editor", "Assembly-CSharp-Editor.csproj", "{8A60D5BB-7E35-65A7-3769-AC4EAB6638A8}"
EndProject
Global
	GlobalSection(SolutionConfigurationPlatforms) = preSolution
		Debug|Any CPU = Debug|Any CPU
		Release|Any CPU = Release|Any CPU
	EndGlobalSection
	GlobalSection(ProjectConfigurationPlatforms) = postSolution
		{5E200B89-2E41-9426-03E3-61C14BBC2219}.Debug|Any CPU.ActiveCfg = Debug|Any CPU
		{5E200B89-2E41-9426-03E3-61C14BBC2219}.Debug|Any CPU.Build.0 = Debug|Any CPU
		{5E200B89-2E41-9426-03E3-61C14BBC2219}.Release|Any CPU.ActiveCfg = Release|Any CPU
		{5E200B89-2E41-9426-03E3-61C14BBC2219}.Release|Any CPU.Build.0 = Release|Any CPU
		{3A530015-1655-CB1F-2D87-7DE1B70C0A55}.Debug|Any CPU.ActiveCfg = Debug|Any CPU
		{3A530015-1655-CB1F-2D87-7DE1B70C0A55}.Debug|Any CPU.Build.0 = Debug|Any CPU
		{3A530015-1655-CB1F-2D87-7DE1B70C0A55}.Release|Any CPU.ActiveCfg = Release|Any CPU
		{3A530015-1655-CB1F-2D87-7DE1B70C0A55}.Release|Any CPU.Build.0 = Release|Any CPU
		{8A60D5BB-7E35-65A7-3769-AC4EAB6638A8}.Debug|Any CPU.ActiveCfg = Debug|Any CPU
		{8A60D5BB-7E35-65A7-3769-AC4EAB6638A8}.Debug|Any CPU.Build.0 = Debug|Any CPU
		{8A60D5BB-7E35-65A7-3769-AC4EAB6638A8}.Release|Any CPU.ActiveCfg = Release|Any CPU
		{8A60D5BB-7E35-65A7-3769-AC4EAB6638A8}.Release|Any CPU.Build.0 = Release|Any CPU
	EndGlobalSection
	GlobalSection(SolutionProperties) = preSolution
		HideSolutionNode = FALSE
	EndGlobalSection
	GlobalSection(MonoDevelopProperties) = preSolution
		StartupItem = Assembly-CSharp.csproj
	EndGlobalSection
EndGlobal
